
Microsoft Visual Studio Solution File, Format Version 12.00
Project("{FAE04EC0-301F-11D3-BF4B-00C04F79EFBC}") = "NextBotInstaller", "NextBotInstaller\NextBotInstaller.csproj", "{B721B58B-196C-4248-86B0-E8A26257EABC}"
EndProject
Global
	GlobalSection(SolutionConfigurationPlatforms) = preSolution
		Debug|Any CPU = Debug|Any CPU
		Release|Any CPU = Release|Any CPU
	EndGlobalSection
	GlobalSection(ProjectConfigurationPlatforms) = postSolution
		{B721B58B-196C-4248-86B0-E8A26257EABC}.Debug|Any CPU.ActiveCfg = Debug|Any CPU
		{B721B58B-196C-4248-86B0-E8A26257EABC}.Debug|Any CPU.Build.0 = Debug|Any CPU
		{B721B58B-196C-4248-86B0-E8A26257EABC}.Release|Any CPU.ActiveCfg = Release|Any CPU
		{B721B58B-196C-4248-86B0-E8A26257EABC}.Release|Any CPU.Build.0 = Release|Any CPU
	EndGlobalSection
EndGlobal
